
Microsoft Visual Studio Solution File, Format Version 12.00
# Visual Studio 14
VisualStudioVersion = 14.0.23107.0
MinimumVisualStudioVersion = 10.0.40219.1
Project("{002A2DE9-8BB6-484D-9802-7E4AD4084715}") = "Risk", "Risk\Risk.visualdproj", "{EEA1E2B9-0BF1-41E9-AEF5-1D1585A23012}"
EndProject
Project("{002A2DE9-8BB6-484D-9802-7E4AD4084715}") = "Base", "Base\Base.visualdproj", "{59570A63-7004-441A-8223-931110C5EE11}"
EndProject
Project("{002A2DE9-8BB6-484D-9802-7E4AD4084715}") = "Framework", "Framework\Framework.visualdproj", "{2AC4C9B7-6796-4F55-80AB-DBC7B422B317}"
EndProject
Project("{002A2DE9-8BB6-484D-9802-7E4AD4084715}") = "ExternalLibs", "ExternalLibs\ExternalLibs.visualdproj", "{796064A9-E6D5-425A-81C3-FB40D681C7D7}"
EndProject
Project("{002A2DE9-8BB6-484D-9802-7E4AD4084715}") = "Content_Pipeline", "Content_Pipeline\Content_Pipeline.visualdproj", "{820E458B-F423-444D-89A8-D3F049D236F4}"
EndProject
Project("{002A2DE9-8BB6-484D-9802-7E4AD4084715}") = "Network", "Network\Network.visualdproj", "{E925CD8F-004F-465C-9A88-1A1E2DB936F9}"
EndProject
Global
	GlobalSection(SolutionConfigurationPlatforms) = preSolution
		Debug|x64 = Debug|x64
		Debug|x86 = Debug|x86
		Release|x64 = Release|x64
		Release|x86 = Release|x86
	EndGlobalSection
	GlobalSection(ProjectConfigurationPlatforms) = postSolution
		{EEA1E2B9-0BF1-41E9-AEF5-1D1585A23012}.Debug|x64.ActiveCfg = Debug|Win32
		{EEA1E2B9-0BF1-41E9-AEF5-1D1585A23012}.Debug|x86.ActiveCfg = Debug|Win32
		{EEA1E2B9-0BF1-41E9-AEF5-1D1585A23012}.Debug|x86.Build.0 = Debug|Win32
		{EEA1E2B9-0BF1-41E9-AEF5-1D1585A23012}.Release|x64.ActiveCfg = Release|Win32
		{EEA1E2B9-0BF1-41E9-AEF5-1D1585A23012}.Release|x86.ActiveCfg = Release|Win32
		{EEA1E2B9-0BF1-41E9-AEF5-1D1585A23012}.Release|x86.Build.0 = Release|Win32
		{59570A63-7004-441A-8223-931110C5EE11}.Debug|x64.ActiveCfg = Debug|Win32
		{59570A63-7004-441A-8223-931110C5EE11}.Debug|x86.ActiveCfg = Debug|Win32
		{59570A63-7004-441A-8223-931110C5EE11}.Debug|x86.Build.0 = Debug|Win32
		{59570A63-7004-441A-8223-931110C5EE11}.Release|x64.ActiveCfg = Release|Win32
		{59570A63-7004-441A-8223-931110C5EE11}.Release|x86.ActiveCfg = Release|Win32
		{59570A63-7004-441A-8223-931110C5EE11}.Release|x86.Build.0 = Release|Win32
		{2AC4C9B7-6796-4F55-80AB-DBC7B422B317}.Debug|x64.ActiveCfg = Debug|Win32
		{2AC4C9B7-6796-4F55-80AB-DBC7B422B317}.Debug|x86.ActiveCfg = Debug|Win32
		{2AC4C9B7-6796-4F55-80AB-DBC7B422B317}.Debug|x86.Build.0 = Debug|Win32
		{2AC4C9B7-6796-4F55-80AB-DBC7B422B317}.Release|x64.ActiveCfg = Release|Win32
		{2AC4C9B7-6796-4F55-80AB-DBC7B422B317}.Release|x86.ActiveCfg = Release|Win32
		{2AC4C9B7-6796-4F55-80AB-DBC7B422B317}.Release|x86.Build.0 = Release|Win32
		{796064A9-E6D5-425A-81C3-FB40D681C7D7}.Debug|x64.ActiveCfg = Debug|x64
		{796064A9-E6D5-425A-81C3-FB40D681C7D7}.Debug|x64.Build.0 = Debug|x64
		{796064A9-E6D5-425A-81C3-FB40D681C7D7}.Debug|x86.ActiveCfg = Debug|Win32
		{796064A9-E6D5-425A-81C3-FB40D681C7D7}.Debug|x86.Build.0 = Debug|Win32
		{796064A9-E6D5-425A-81C3-FB40D681C7D7}.Release|x64.ActiveCfg = Release|x64
		{796064A9-E6D5-425A-81C3-FB40D681C7D7}.Release|x64.Build.0 = Release|x64
		{796064A9-E6D5-425A-81C3-FB40D681C7D7}.Release|x86.ActiveCfg = Release|Win32
		{796064A9-E6D5-425A-81C3-FB40D681C7D7}.Release|x86.Build.0 = Release|Win32
		{820E458B-F423-444D-89A8-D3F049D236F4}.Debug|x64.ActiveCfg = Debug|x64
		{820E458B-F423-444D-89A8-D3F049D236F4}.Debug|x64.Build.0 = Debug|x64
		{820E458B-F423-444D-89A8-D3F049D236F4}.Debug|x86.ActiveCfg = Debug|Win32
		{820E458B-F423-444D-89A8-D3F049D236F4}.Debug|x86.Build.0 = Debug|Win32
		{820E458B-F423-444D-89A8-D3F049D236F4}.Release|x64.ActiveCfg = Release|x64
		{820E458B-F423-444D-89A8-D3F049D236F4}.Release|x64.Build.0 = Release|x64
		{820E458B-F423-444D-89A8-D3F049D236F4}.Release|x86.ActiveCfg = Release|Win32
		{820E458B-F423-444D-89A8-D3F049D236F4}.Release|x86.Build.0 = Release|Win32
		{E925CD8F-004F-465C-9A88-1A1E2DB936F9}.Debug|x64.ActiveCfg = Debug|Win32
		{E925CD8F-004F-465C-9A88-1A1E2DB936F9}.Debug|x86.ActiveCfg = Debug|Win32
		{E925CD8F-004F-465C-9A88-1A1E2DB936F9}.Debug|x86.Build.0 = Debug|Win32
		{E925CD8F-004F-465C-9A88-1A1E2DB936F9}.Release|x64.ActiveCfg = Release|Win32
		{E925CD8F-004F-465C-9A88-1A1E2DB936F9}.Release|x86.ActiveCfg = Release|Win32
		{E925CD8F-004F-465C-9A88-1A1E2DB936F9}.Release|x86.Build.0 = Release|Win32
	EndGlobalSection
	GlobalSection(SolutionProperties) = preSolution
		HideSolutionNode = FALSE
	EndGlobalSection
EndGlobal
